<?xml version="1.0" encoding="utf-8"?>
<Project ToolsVersion="4.0" xmlns="http://schemas.microsoft.com/developer/msbuild/2003">
  <ItemGroup>
    <Filter Include="NewFilter2">
      <UniqueIdentifier>{bf77f382-349f-4b63-81b8-0c0a7c5e9c75}</UniqueIdentifier>
    </Filter>
    <Filter Include="PrintConsole">
      <UniqueIdentifier>{3fc6ffc7-2e78-427c-9f5b-d59df942afae}</UniqueIdentifier>
    </Filter>
  </ItemGroup>
  <ItemGroup>
    <ClCompile Include="PrintConsole.cpp">
      <Filter>PrintConsole</Filter>
    </ClCompile>
  </ItemGroup>
</Project>